
Microsoft Visual Studio Solution File, Format Version 12.00
# Visual Studio Version 17
VisualStudioVersion = 17.0.31611.283
MinimumVisualStudioVersion = 10.0.40219.1
Project("{9A19103F-16F7-4668-BE54-9A1E7A4F7556}") = "Sensor_Client", "Sensor_Client\Sensor_Client.csproj", "{AA47E30D-E609-4EC3-8813-CDC524A5515C}"
EndProject
Project("{FAE04EC0-301F-11D3-BF4B-00C04F79EFBC}") = "SensorDataManager", "SensorDataManager\SensorDataManager.csproj", "{57AA2D0F-DCC6-420E-88D3-A3822F47B752}"
EndProject
Project("{FAE04EC0-301F-11D3-BF4B-00C04F79EFBC}") = "Sensor_Server", "Sensor_Server\Sensor_Server.csproj", "{9739A000-2E63-4E4A-9772-987330F0E962}"
EndProject
Global
	GlobalSection(SolutionConfigurationPlatforms) = preSolution
		Debug|Any CPU = Debug|Any CPU
		Release|Any CPU = Release|Any CPU
	EndGlobalSection
	GlobalSection(ProjectConfigurationPlatforms) = postSolution
		{AA47E30D-E609-4EC3-8813-CDC524A5515C}.Debug|Any CPU.ActiveCfg = Debug|Any CPU
		{AA47E30D-E609-4EC3-8813-CDC524A5515C}.Debug|Any CPU.Build.0 = Debug|Any CPU
		{AA47E30D-E609-4EC3-8813-CDC524A5515C}.Debug|Any CPU.Deploy.0 = Debug|Any CPU
		{AA47E30D-E609-4EC3-8813-CDC524A5515C}.Release|Any CPU.ActiveCfg = Release|Any CPU
		{AA47E30D-E609-4EC3-8813-CDC524A5515C}.Release|Any CPU.Build.0 = Release|Any CPU
		{AA47E30D-E609-4EC3-8813-CDC524A5515C}.Release|Any CPU.Deploy.0 = Release|Any CPU
		{57AA2D0F-DCC6-420E-88D3-A3822F47B752}.Debug|Any CPU.ActiveCfg = Debug|Any CPU
		{57AA2D0F-DCC6-420E-88D3-A3822F47B752}.Debug|Any CPU.Build.0 = Debug|Any CPU
		{57AA2D0F-DCC6-420E-88D3-A3822F47B752}.Release|Any CPU.ActiveCfg = Release|Any CPU
		{57AA2D0F-DCC6-420E-88D3-A3822F47B752}.Release|Any CPU.Build.0 = Release|Any CPU
		{9739A000-2E63-4E4A-9772-987330F0E962}.Debug|Any CPU.ActiveCfg = Debug|Any CPU
		{9739A000-2E63-4E4A-9772-987330F0E962}.Debug|Any CPU.Build.0 = Debug|Any CPU
		{9739A000-2E63-4E4A-9772-987330F0E962}.Release|Any CPU.ActiveCfg = Release|Any CPU
		{9739A000-2E63-4E4A-9772-987330F0E962}.Release|Any CPU.Build.0 = Release|Any CPU
	EndGlobalSection
	GlobalSection(SolutionProperties) = preSolution
		HideSolutionNode = FALSE
	EndGlobalSection
	GlobalSection(ExtensibilityGlobals) = postSolution
		SolutionGuid = {61F7FB11-1E47-470C-91E2-47F8143E1572}
	EndGlobalSection
EndGlobal
